
Microsoft Visual Studio Solution File, Format Version 12.00
# Visual Studio Version 16
VisualStudioVersion = 16.0.32413.511
MinimumVisualStudioVersion = 10.0.40219.1
Project("{FAE04EC0-301F-11D3-BF4B-00C04F79EFBC}") = "Part1", "Part1\Part1.csproj", "{8E9CC995-EF91-48D7-9888-0D0790FA1E3C}"
EndProject
Project("{FAE04EC0-301F-11D3-BF4B-00C04F79EFBC}") = "Part2", "Part2\Part2.csproj", "{0FFD0B56-125B-48BF-A4B7-2CEC9F27CAF7}"
EndProject
Global
	GlobalSection(SolutionConfigurationPlatforms) = preSolution
		Debug|Any CPU = Debug|Any CPU
		Release|Any CPU = Release|Any CPU
	EndGlobalSection
	GlobalSection(ProjectConfigurationPlatforms) = postSolution
		{8E9CC995-EF91-48D7-9888-0D0790FA1E3C}.Debug|Any CPU.ActiveCfg = Debug|Any CPU
		{8E9CC995-EF91-48D7-9888-0D0790FA1E3C}.Debug|Any CPU.Build.0 = Debug|Any CPU
		{8E9CC995-EF91-48D7-9888-0D0790FA1E3C}.Release|Any CPU.ActiveCfg = Release|Any CPU
		{8E9CC995-EF91-48D7-9888-0D0790FA1E3C}.Release|Any CPU.Build.0 = Release|Any CPU
		{0FFD0B56-125B-48BF-A4B7-2CEC9F27CAF7}.Debug|Any CPU.ActiveCfg = Debug|Any CPU
		{0FFD0B56-125B-48BF-A4B7-2CEC9F27CAF7}.Debug|Any CPU.Build.0 = Debug|Any CPU
		{0FFD0B56-125B-48BF-A4B7-2CEC9F27CAF7}.Release|Any CPU.ActiveCfg = Release|Any CPU
		{0FFD0B56-125B-48BF-A4B7-2CEC9F27CAF7}.Release|Any CPU.Build.0 = Release|Any CPU
	EndGlobalSection
	GlobalSection(SolutionProperties) = preSolution
		HideSolutionNode = FALSE
	EndGlobalSection
	GlobalSection(ExtensibilityGlobals) = postSolution
		SolutionGuid = {6FA76522-C01B-4984-A020-FCCE0BD16AD1}
	EndGlobalSection
EndGlobal
